
Microsoft Visual Studio Solution File, Format Version 12.00
# Visual Studio Version 17
VisualStudioVersion = 17.10.34928.147
MinimumVisualStudioVersion = 10.0.40219.1
Project("{FAE04EC0-301F-11D3-BF4B-00C04F79EFBC}") = "Projekcik1", "Projekcik1\Projekcik1.csproj", "{DDD5DBEE-DE6F-4283-97CF-C521044A9C60}"
EndProject
Global
	GlobalSection(SolutionConfigurationPlatforms) = preSolution
		Debug|Any CPU = Debug|Any CPU
		Release|Any CPU = Release|Any CPU
	EndGlobalSection
	GlobalSection(ProjectConfigurationPlatforms) = postSolution
		{DDD5DBEE-DE6F-4283-97CF-C521044A9C60}.Debug|Any CPU.ActiveCfg = Debug|Any CPU
		{DDD5DBEE-DE6F-4283-97CF-C521044A9C60}.Debug|Any CPU.Build.0 = Debug|Any CPU
		{DDD5DBEE-DE6F-4283-97CF-C521044A9C60}.Release|Any CPU.ActiveCfg = Release|Any CPU
		{DDD5DBEE-DE6F-4283-97CF-C521044A9C60}.Release|Any CPU.Build.0 = Release|Any CPU
	EndGlobalSection
	GlobalSection(SolutionProperties) = preSolution
		HideSolutionNode = FALSE
	EndGlobalSection
	GlobalSection(ExtensibilityGlobals) = postSolution
		SolutionGuid = {5E3BC24D-B21C-4FC2-8FE9-A254B55E36FE}
	EndGlobalSection
EndGlobal
